
Microsoft Visual Studio Solution File, Format Version 12.00
# Visual Studio Version 17
VisualStudioVersion = 17.0.31717.71
MinimumVisualStudioVersion = 10.0.40219.1
Project("{9A19103F-16F7-4668-BE54-9A1E7A4F7556}") = "BlazorLaboratory", "BlazorLaboratory.csproj", "{5BCAC646-0388-48A1-9021-483ABE42A19E}"
EndProject
Global
	GlobalSection(SolutionConfigurationPlatforms) = preSolution
		Debug|Any CPU = Debug|Any CPU
		Release|Any CPU = Release|Any CPU
	EndGlobalSection
	GlobalSection(ProjectConfigurationPlatforms) = postSolution
		{5BCAC646-0388-48A1-9021-483ABE42A19E}.Debug|Any CPU.ActiveCfg = Debug|Any CPU
		{5BCAC646-0388-48A1-9021-483ABE42A19E}.Debug|Any CPU.Build.0 = Debug|Any CPU
		{5BCAC646-0388-48A1-9021-483ABE42A19E}.Release|Any CPU.ActiveCfg = Release|Any CPU
		{5BCAC646-0388-48A1-9021-483ABE42A19E}.Release|Any CPU.Build.0 = Release|Any CPU
	EndGlobalSection
	GlobalSection(SolutionProperties) = preSolution
		HideSolutionNode = FALSE
	EndGlobalSection
	GlobalSection(ExtensibilityGlobals) = postSolution
		SolutionGuid = {B42D00A2-40A9-4CB7-B83D-0AD6EBA2D9EB}
	EndGlobalSection
EndGlobal